
Microsoft Visual Studio Solution File, Format Version 12.00
# Visual Studio Version 17
VisualStudioVersion = 17.1.32210.238
MinimumVisualStudioVersion = 10.0.40219.1
Project("{2150E333-8FDC-42A3-9474-1A3956D46DE8}") = "Domain", "Domain", "{D5B6243C-0747-454B-BB97-D4D1132E1687}"
EndProject
Project("{2150E333-8FDC-42A3-9474-1A3956D46DE8}") = "Infrastructure", "Infrastructure", "{EEBFF2EB-0FF6-480D-BEBF-78248AA246B8}"
EndProject
Project("{2150E333-8FDC-42A3-9474-1A3956D46DE8}") = "UI", "UI", "{86E9D8E7-F070-4779-A0E4-801BDC6B6C71}"
EndProject
Project("{9A19103F-16F7-4668-BE54-9A1E7A4F7556}") = "Kalendarz2.Domain.Common", "Kalendarz2.Domain.Common\Kalendarz2.Domain.Common.csproj", "{71DE606B-22A0-412D-9BEE-00E4C946C3D0}"
EndProject
Project("{9A19103F-16F7-4668-BE54-9A1E7A4F7556}") = "Kalendarz2.Domain.DI", "Kalendarz2.Domain.DI\Kalendarz2.Domain.DI.csproj", "{80E7133A-E623-4165-A102-6BEC1840182F}"
EndProject
Project("{9A19103F-16F7-4668-BE54-9A1E7A4F7556}") = "Kalendarz2.Domain.Facades", "Domain.Facades\Kalendarz2.Domain.Facades.csproj", "{D58F2854-3FC4-44A9-9C38-B4D4E15AE616}"
EndProject
Project("{9A19103F-16F7-4668-BE54-9A1E7A4F7556}") = "Kalendarz2.Domain.Interfaces.Facades", "Interfaces.Facades\Kalendarz2.Domain.Interfaces.Facades.csproj", "{E85DF9C3-B65A-4DF1-BE50-C37B19815E39}"
EndProject
Project("{9A19103F-16F7-4668-BE54-9A1E7A4F7556}") = "Kalendarz2.Domain.Interfaces.Infrastucture", "Kalendarz2.Domain.Interfaces.Infrastucture\Kalendarz2.Domain.Interfaces.Infrastucture.csproj", "{BE363126-5EDA-4A3F-A3ED-3727D8667B2F}"
EndProject
Project("{9A19103F-16F7-4668-BE54-9A1E7A4F7556}") = "Kalendarz2.Infrastructure.EntityFramework", "Kalendarz2.Infrastructure.EntityFramework\Kalendarz2.Infrastructure.EntityFramework.csproj", "{DBEE1EE6-90B2-4EE3-AC27-3F3ADA9C3555}"
EndProject
Project("{9A19103F-16F7-4668-BE54-9A1E7A4F7556}") = "Kalendarz2.Backend", "Kalendarz2.Backend\Kalendarz2.Backend.csproj", "{2C9AC406-6F9A-46DB-B954-AE9EA240DD5C}"
EndProject
Project("{54A90642-561A-4BB1-A94E-469ADEE60C69}") = "kalendarz2.react", "kalendarz2.react\kalendarz2.react.esproj", "{817BA21D-FC99-4F66-9B4F-6F44C29BA476}"
EndProject
Project("{2150E333-8FDC-42A3-9474-1A3956D46DE8}") = "Tests", "Tests", "{2B0D7144-7EB7-4D4F-96B5-6A2F447116B6}"
EndProject
Project("{FAE04EC0-301F-11D3-BF4B-00C04F79EFBC}") = "Kalendarz2.Tests", "Kalendarz2.Tests\Kalendarz2.Tests.csproj", "{ABAE2090-CB03-4B31-8A09-27B7502CE849}"
EndProject
Global
	GlobalSection(SolutionConfigurationPlatforms) = preSolution
		Debug|Any CPU = Debug|Any CPU
		Release|Any CPU = Release|Any CPU
	EndGlobalSection
	GlobalSection(ProjectConfigurationPlatforms) = postSolution
		{71DE606B-22A0-412D-9BEE-00E4C946C3D0}.Debug|Any CPU.ActiveCfg = Debug|Any CPU
		{71DE606B-22A0-412D-9BEE-00E4C946C3D0}.Debug|Any CPU.Build.0 = Debug|Any CPU
		{71DE606B-22A0-412D-9BEE-00E4C946C3D0}.Release|Any CPU.ActiveCfg = Release|Any CPU
		{71DE606B-22A0-412D-9BEE-00E4C946C3D0}.Release|Any CPU.Build.0 = Release|Any CPU
		{80E7133A-E623-4165-A102-6BEC1840182F}.Debug|Any CPU.ActiveCfg = Debug|Any CPU
		{80E7133A-E623-4165-A102-6BEC1840182F}.Debug|Any CPU.Build.0 = Debug|Any CPU
		{80E7133A-E623-4165-A102-6BEC1840182F}.Release|Any CPU.ActiveCfg = Release|Any CPU
		{80E7133A-E623-4165-A102-6BEC1840182F}.Release|Any CPU.Build.0 = Release|Any CPU
		{D58F2854-3FC4-44A9-9C38-B4D4E15AE616}.Debug|Any CPU.ActiveCfg = Debug|Any CPU
		{D58F2854-3FC4-44A9-9C38-B4D4E15AE616}.Debug|Any CPU.Build.0 = Debug|Any CPU
		{D58F2854-3FC4-44A9-9C38-B4D4E15AE616}.Release|Any CPU.ActiveCfg = Release|Any CPU
		{D58F2854-3FC4-44A9-9C38-B4D4E15AE616}.Release|Any CPU.Build.0 = Release|Any CPU
		{E85DF9C3-B65A-4DF1-BE50-C37B19815E39}.Debug|Any CPU.ActiveCfg = Debug|Any CPU
		{E85DF9C3-B65A-4DF1-BE50-C37B19815E39}.Debug|Any CPU.Build.0 = Debug|Any CPU
		{E85DF9C3-B65A-4DF1-BE50-C37B19815E39}.Release|Any CPU.ActiveCfg = Release|Any CPU
		{E85DF9C3-B65A-4DF1-BE50-C37B19815E39}.Release|Any CPU.Build.0 = Release|Any CPU
		{BE363126-5EDA-4A3F-A3ED-3727D8667B2F}.Debug|Any CPU.ActiveCfg = Debug|Any CPU
		{BE363126-5EDA-4A3F-A3ED-3727D8667B2F}.Debug|Any CPU.Build.0 = Debug|Any CPU
		{BE363126-5EDA-4A3F-A3ED-3727D8667B2F}.Release|Any CPU.ActiveCfg = Release|Any CPU
		{BE363126-5EDA-4A3F-A3ED-3727D8667B2F}.Release|Any CPU.Build.0 = Release|Any CPU
		{DBEE1EE6-90B2-4EE3-AC27-3F3ADA9C3555}.Debug|Any CPU.ActiveCfg = Debug|Any CPU
		{DBEE1EE6-90B2-4EE3-AC27-3F3ADA9C3555}.Debug|Any CPU.Build.0 = Debug|Any CPU
		{DBEE1EE6-90B2-4EE3-AC27-3F3ADA9C3555}.Release|Any CPU.ActiveCfg = Release|Any CPU
		{DBEE1EE6-90B2-4EE3-AC27-3F3ADA9C3555}.Release|Any CPU.Build.0 = Release|Any CPU
		{2C9AC406-6F9A-46DB-B954-AE9EA240DD5C}.Debug|Any CPU.ActiveCfg = Debug|Any CPU
		{2C9AC406-6F9A-46DB-B954-AE9EA240DD5C}.Debug|Any CPU.Build.0 = Debug|Any CPU
		{2C9AC406-6F9A-46DB-B954-AE9EA240DD5C}.Release|Any CPU.ActiveCfg = Release|Any CPU
		{2C9AC406-6F9A-46DB-B954-AE9EA240DD5C}.Release|Any CPU.Build.0 = Release|Any CPU
		{817BA21D-FC99-4F66-9B4F-6F44C29BA476}.Debug|Any CPU.ActiveCfg = Debug|Any CPU
		{817BA21D-FC99-4F66-9B4F-6F44C29BA476}.Debug|Any CPU.Build.0 = Debug|Any CPU
		{817BA21D-FC99-4F66-9B4F-6F44C29BA476}.Debug|Any CPU.Deploy.0 = Debug|Any CPU
		{817BA21D-FC99-4F66-9B4F-6F44C29BA476}.Release|Any CPU.ActiveCfg = Release|Any CPU
		{817BA21D-FC99-4F66-9B4F-6F44C29BA476}.Release|Any CPU.Build.0 = Release|Any CPU
		{817BA21D-FC99-4F66-9B4F-6F44C29BA476}.Release|Any CPU.Deploy.0 = Release|Any CPU
		{ABAE2090-CB03-4B31-8A09-27B7502CE849}.Debug|Any CPU.ActiveCfg = Debug|Any CPU
		{ABAE2090-CB03-4B31-8A09-27B7502CE849}.Debug|Any CPU.Build.0 = Debug|Any CPU
		{ABAE2090-CB03-4B31-8A09-27B7502CE849}.Release|Any CPU.ActiveCfg = Release|Any CPU
		{ABAE2090-CB03-4B31-8A09-27B7502CE849}.Release|Any CPU.Build.0 = Release|Any CPU
	EndGlobalSection
	GlobalSection(SolutionProperties) = preSolution
		HideSolutionNode = FALSE
	EndGlobalSection
	GlobalSection(NestedProjects) = preSolution
		{71DE606B-22A0-412D-9BEE-00E4C946C3D0} = {D5B6243C-0747-454B-BB97-D4D1132E1687}
		{80E7133A-E623-4165-A102-6BEC1840182F} = {D5B6243C-0747-454B-BB97-D4D1132E1687}
		{D58F2854-3FC4-44A9-9C38-B4D4E15AE616} = {D5B6243C-0747-454B-BB97-D4D1132E1687}
		{E85DF9C3-B65A-4DF1-BE50-C37B19815E39} = {D5B6243C-0747-454B-BB97-D4D1132E1687}
		{BE363126-5EDA-4A3F-A3ED-3727D8667B2F} = {D5B6243C-0747-454B-BB97-D4D1132E1687}
		{DBEE1EE6-90B2-4EE3-AC27-3F3ADA9C3555} = {EEBFF2EB-0FF6-480D-BEBF-78248AA246B8}
		{2C9AC406-6F9A-46DB-B954-AE9EA240DD5C} = {86E9D8E7-F070-4779-A0E4-801BDC6B6C71}
		{817BA21D-FC99-4F66-9B4F-6F44C29BA476} = {86E9D8E7-F070-4779-A0E4-801BDC6B6C71}
		{ABAE2090-CB03-4B31-8A09-27B7502CE849} = {2B0D7144-7EB7-4D4F-96B5-6A2F447116B6}
	EndGlobalSection
	GlobalSection(ExtensibilityGlobals) = postSolution
		SolutionGuid = {969DF2FF-59FA-40A4-90E3-8A34FA9071F4}
	EndGlobalSection
EndGlobal
